// !$*UTF8*$!
{
	archiveVersion = 1;
	classes = {
	};
	objectVersion = 56;
	objects = {

/* Begin PBXBuildFile section */
		93A0BED62A000F8C00FA2D5B /* AppDelegate.swift in Sources */ = {isa = PBXBuildFile; fileRef = 93A0BED52A000F8C00FA2D5B /* AppDelegate.swift */; };
		93A0BED82A000F8C00FA2D5B /* SceneDelegate.swift in Sources */ = {isa = PBXBuildFile; fileRef = 93A0BED72A000F8C00FA2D5B /* SceneDelegate.swift */; };
		93A0BEDD2A000F8C00FA2D5B /* Main.storyboard in Resources */ = {isa = PBXBuildFile; fileRef = 93A0BEDB2A000F8C00FA2D5B /* Main.storyboard */; };
		93A0BEDF2A000F8E00FA2D5B /* Assets.xcassets in Resources */ = {isa = PBXBuildFile; fileRef = 93A0BEDE2A000F8E00FA2D5B /* Assets.xcassets */; };
		93A0BEE22A000F8E00FA2D5B /* LaunchScreen.storyboard in Resources */ = {isa = PBXBuildFile; fileRef = 93A0BEE02A000F8E00FA2D5B /* LaunchScreen.storyboard */; };
		93A0BEEB2A000FD600FA2D5B /* Test.swift in Sources */ = {isa = PBXBuildFile; fileRef = 93A0BEEA2A000FD600FA2D5B /* Test.swift */; };
		93A0BEED2A000FF100FA2D5B /* TestDataStore.swift in Sources */ = {isa = PBXBuildFile; fileRef = 93A0BEEC2A000FF100FA2D5B /* TestDataStore.swift */; };
		93A0BEEF2A00104100FA2D5B /* TestTableViewController.swift in Sources */ = {isa = PBXBuildFile; fileRef = 93A0BEEE2A00104100FA2D5B /* TestTableViewController.swift */; };
		93A0BEF12A00105500FA2D5B /* TestTableViewCell.swift in Sources */ = {isa = PBXBuildFile; fileRef = 93A0BEF02A00105500FA2D5B /* TestTableViewCell.swift */; };
/* End PBXBuildFile section */

/* Begin PBXFileReference section */
		93A0BED22A000F8C00FA2D5B /* Test Results.app */ = {isa = PBXFileReference; explicitFileType = wrapper.application; includeInIndex = 0; path = "Test Results.app"; sourceTree = BUILT_PRODUCTS_DIR; };
		93A0BED52A000F8C00FA2D5B /* AppDelegate.swift */ = {isa = PBXFileReference; lastKnownFileType = sourcecode.swift; path = AppDelegate.swift; sourceTree = "<group>"; };
		93A0BED72A000F8C00FA2D5B /* SceneDelegate.swift */ = {isa = PBXFileReference; lastKnownFileType = sourcecode.swift; path = SceneDelegate.swift; sourceTree = "<group>"; };
		93A0BEDC2A000F8C00FA2D5B /* Base */ = {isa = PBXFileReference; lastKnownFileType = file.storyboard; name = Base; path = Base.lproj/Main.storyboard; sourceTree = "<group>"; };
		93A0BEDE2A000F8E00FA2D5B /* Assets.xcassets */ = {isa = PBXFileReference; lastKnownFileType = folder.assetcatalog; path = Assets.xcassets; sourceTree = "<group>"; };
		93A0BEE12A000F8E00FA2D5B /* Base */ = {isa = PBXFileReference; lastKnownFileType = file.storyboard; name = Base; path = Base.lproj/LaunchScreen.storyboard; sourceTree = "<group>"; };
		93A0BEE32A000F8E00FA2D5B /* Info.plist */ = {isa = PBXFileReference; lastKnownFileType = text.plist.xml; path = Info.plist; sourceTree = "<group>"; };
		93A0BEEA2A000FD600FA2D5B /* Test.swift */ = {isa = PBXFileReference; lastKnownFileType = sourcecode.swift; path = Test.swift; sourceTree = "<group>"; };
		93A0BEEC2A000FF100FA2D5B /* TestDataStore.swift */ = {isa = PBXFileReference; lastKnownFileType = sourcecode.swift; path = TestDataStore.swift; sourceTree = "<group>"; };
		93A0BEEE2A00104100FA2D5B /* TestTableViewController.swift */ = {isa = PBXFileReference; lastKnownFileType = sourcecode.swift; path = TestTableViewController.swift; sourceTree = "<group>"; };
		93A0BEF02A00105500FA2D5B /* TestTableViewCell.swift */ = {isa = PBXFileReference; lastKnownFileType = sourcecode.swift; path = TestTableViewCell.swift; sourceTree = "<group>"; };
/* End PBXFileReference section */

/* Begin PBXFrameworksBuildPhase section */
		93A0BECF2A000F8C00FA2D5B /* Frameworks */ = {
			isa = PBXFrameworksBuildPhase;
			buildActionMask = 2147483647;
			files = (
			);
			runOnlyForDeploymentPostprocessing = 0;
		};
/* End PBXFrameworksBuildPhase section */

/* Begin PBXGroup section */
		93A0BEC92A000F8C00FA2D5B = {
			isa = PBXGroup;
			children = (
				93A0BED42A000F8C00FA2D5B /* Test Results */,
				93A0BED32A000F8C00FA2D5B /* Products */,
			);
			sourceTree = "<group>";
		};
		93A0BED32A000F8C00FA2D5B /* Products */ = {
			isa = PBXGroup;
			children = (
				93A0BED22A000F8C00FA2D5B /* Test Results.app */,
			);
			name = Products;
			sourceTree = "<group>";
		};
		93A0BED42A000F8C00FA2D5B /* Test Results */ = {
			isa = PBXGroup;
			children = (
				93A0BEE92A000FA200FA2D5B /* Apps */,
				93A0BEEE2A00104100FA2D5B /* TestTableViewController.swift */,
				93A0BEF02A00105500FA2D5B /* TestTableViewCell.swift */,
				93A0BEEC2A000FF100FA2D5B /* TestDataStore.swift */,
				93A0BEEA2A000FD600FA2D5B /* Test.swift */,
				93A0BEF22A00106F00FA2D5B /* Storyboard */,
				93A0BEDE2A000F8E00FA2D5B /* Assets.xcassets */,
			);
			path = "Test Results";
			sourceTree = "<group>";
		};
		93A0BEE92A000FA200FA2D5B /* Apps */ = {
			isa = PBXGroup;
			children = (
				93A0BED52A000F8C00FA2D5B /* AppDelegate.swift */,
				93A0BED72A000F8C00FA2D5B /* SceneDelegate.swift */,
				93A0BEE32A000F8E00FA2D5B /* Info.plist */,
			);
			path = Apps;
			sourceTree = "<group>";
		};
		93A0BEF22A00106F00FA2D5B /* Storyboard */ = {
			isa = PBXGroup;
			children = (
				93A0BEDB2A000F8C00FA2D5B /* Main.storyboard */,
				93A0BEE02A000F8E00FA2D5B /* LaunchScreen.storyboard */,
			);
			path = Storyboard;
			sourceTree = "<group>";
		};
/* End PBXGroup section */

/* Begin PBXNativeTarget section */
		93A0BED12A000F8C00FA2D5B /* Test Results */ = {
			isa = PBXNativeTarget;
			buildConfigurationList = 93A0BEE62A000F8E00FA2D5B /* Build configuration list for PBXNativeTarget "Test Results" */;
			buildPhases = (
				93A0BECE2A000F8C00FA2D5B /* Sources */,
				93A0BECF2A000F8C00FA2D5B /* Frameworks */,
				93A0BED02A000F8C00FA2D5B /* Resources */,
			);
			buildRules = (
			);
			dependencies = (
			);
			name = "Test Results";
			productName = "Test Results";
			productReference = 93A0BED22A000F8C00FA2D5B /* Test Results.app */;
			productType = "com.apple.product-type.application";
		};
/* End PBXNativeTarget section */

/* Begin PBXProject section */
		93A0BECA2A000F8C00FA2D5B /* Project object */ = {
			isa = PBXProject;
			attributes = {
				BuildIndependentTargetsInParallel = 1;
				LastSwiftUpdateCheck = 1430;
				LastUpgradeCheck = 1430;
				TargetAttributes = {
					93A0BED12A000F8C00FA2D5B = {
						CreatedOnToolsVersion = 14.3;
					};
				};
			};
			buildConfigurationList = 93A0BECD2A000F8C00FA2D5B /* Build configuration list for PBXProject "Test Results" */;
			compatibilityVersion = "Xcode 14.0";
			developmentRegion = en;
			hasScannedForEncodings = 0;
			knownRegions = (
				en,
				Base,
			);
			mainGroup = 93A0BEC92A000F8C00FA2D5B;
			productRefGroup = 93A0BED32A000F8C00FA2D5B /* Products */;
			projectDirPath = "";
			projectRoot = "";
			targets = (
				93A0BED12A000F8C00FA2D5B /* Test Results */,
			);
		};
/* End PBXProject section */

/* Begin PBXResourcesBuildPhase section */
		93A0BED02A000F8C00FA2D5B /* Resources */ = {
			isa = PBXResourcesBuildPhase;
			buildActionMask = 2147483647;
			files = (
				93A0BEE22A000F8E00FA2D5B /* LaunchScreen.storyboard in Resources */,
				93A0BEDF2A000F8E00FA2D5B /* Assets.xcassets in Resources */,
				93A0BEDD2A000F8C00FA2D5B /* Main.storyboard in Resources */,
			);
			runOnlyForDeploymentPostprocessing = 0;
		};
/* End PBXResourcesBuildPhase section */

/* Begin PBXSourcesBuildPhase section */
		93A0BECE2A000F8C00FA2D5B /* Sources */ = {
			isa = PBXSourcesBuildPhase;
			buildActionMask = 2147483647;
			files = (
				93A0BEEB2A000FD600FA2D5B /* Test.swift in Sources */,
				93A0BEED2A000FF100FA2D5B /* TestDataStore.swift in Sources */,
				93A0BED62A000F8C00FA2D5B /* AppDelegate.swift in Sources */,
				93A0BED82A000F8C00FA2D5B /* SceneDelegate.swift in Sources */,
				93A0BEF12A00105500FA2D5B /* TestTableViewCell.swift in Sources */,
				93A0BEEF2A00104100FA2D5B /* TestTableViewController.swift in Sources */,
			);
			runOnlyForDeploymentPostprocessing = 0;
		};
/* End PBXSourcesBuildPhase section */

/* Begin PBXVariantGroup section */
		93A0BEDB2A000F8C00FA2D5B /* Main.storyboard */ = {
			isa = PBXVariantGroup;
			children = (
				93A0BEDC2A000F8C00FA2D5B /* Base */,
			);
			name = Main.storyboard;
			sourceTree = "<group>";
		};
		93A0BEE02A000F8E00FA2D5B /* LaunchScreen.storyboard */ = {
			isa = PBXVariantGroup;
			children = (
				93A0BEE12A000F8E00FA2D5B /* Base */,
			);
			name = LaunchScreen.storyboard;
			sourceTree = "<group>";
		};
/* End PBXVariantGroup section */

/* Begin XCBuildConfiguration section */
		93A0BEE42A000F8E00FA2D5B /* Debug */ = {
			isa = XCBuildConfiguration;
			buildSettings = {
				ALWAYS_SEARCH_USER_PATHS = NO;
				CLANG_ANALYZER_NONNULL = YES;
				CLANG_ANALYZER_NUMBER_OBJECT_CONVERSION = YES_AGGRESSIVE;
				CLANG_CXX_LANGUAGE_STANDARD = "gnu++20";
				CLANG_ENABLE_MODULES = YES;
				CLANG_ENABLE_OBJC_ARC = YES;
				CLANG_ENABLE_OBJC_WEAK = YES;
				CLANG_WARN_BLOCK_CAPTURE_AUTORELEASING = YES;
				CLANG_WARN_BOOL_CONVERSION = YES;
				CLANG_WARN_COMMA = YES;
				CLANG_WARN_CONSTANT_CONVERSION = YES;
				CLANG_WARN_DEPRECATED_OBJC_IMPLEMENTATIONS = YES;
				CLANG_WARN_DIRECT_OBJC_ISA_USAGE = YES_ERROR;
				CLANG_WARN_DOCUMENTATION_COMMENTS = YES;
				CLANG_WARN_EMPTY_BODY = YES;
				CLANG_WARN_ENUM_CONVERSION = YES;
				CLANG_WARN_INFINITE_RECURSION = YES;
				CLANG_WARN_INT_CONVERSION = YES;
				CLANG_WARN_NON_LITERAL_NULL_CONVERSION = YES;
				CLANG_WARN_OBJC_IMPLICIT_RETAIN_SELF = YES;
				CLANG_WARN_OBJC_LITERAL_CONVERSION = YES;
				CLANG_WARN_OBJC_ROOT_CLASS = YES_ERROR;
				CLANG_WARN_QUOTED_INCLUDE_IN_FRAMEWORK_HEADER = YES;
				CLANG_WARN_RANGE_LOOP_ANALYSIS = YES;
				CLANG_WARN_STRICT_PROTOTYPES = YES;
				CLANG_WARN_SUSPICIOUS_MOVE = YES;
				CLANG_WARN_UNGUARDED_AVAILABILITY = YES_AGGRESSIVE;
				CLANG_WARN_UNREACHABLE_CODE = YES;
				CLANG_WARN__DUPLICATE_METHOD_MATCH = YES;
				COPY_PHASE_STRIP = NO;
				DEBUG_INFORMATION_FORMAT = dwarf;
				ENABLE_STRICT_OBJC_MSGSEND = YES;
				ENABLE_TESTABILITY = YES;
				GCC_C_LANGUAGE_STANDARD = gnu11;
				GCC_DYNAMIC_NO_PIC = NO;
				GCC_NO_COMMON_BLOCKS = YES;
				GCC_OPTIMIZATION_LEVEL = 0;
				GCC_PREPROCESSOR_DEFINITIONS = (
					"DEBUG=1",
					"$(inherited)",
				);
				GCC_WARN_64_TO_32_BIT_CONVERSION = YES;
				GCC_WARN_ABOUT_RETURN_TYPE = YES_ERROR;
				GCC_WARN_UNDECLARED_SELECTOR = YES;
				GCC_WARN_UNINITIALIZED_AUTOS = YES_AGGRESSIVE;
				GCC_WARN_UNUSED_FUNCTION = YES;
				GCC_WARN_UNUSED_VARIABLE = YES;
				IPHONEOS_DEPLOYMENT_TARGET = 16.4;
				MTL_ENABLE_DEBUG_INFO = INCLUDE_SOURCE;
				MTL_FAST_MATH = YES;
				ONLY_ACTIVE_ARCH = YES;
				SDKROOT = iphoneos;
				SWIFT_ACTIVE_COMPILATION_CONDITIONS = DEBUG;
				SWIFT_OPTIMIZATION_LEVEL = "-Onone";
			};
			name = Debug;
		};
		93A0BEE52A000F8E00FA2D5B /* Release */ = {
			isa = XCBuildConfiguration;
			buildSettings = {
				ALWAYS_SEARCH_USER_PATHS = NO;
				CLANG_ANALYZER_NONNULL = YES;
				CLANG_ANALYZER_NUMBER_OBJECT_CONVERSION = YES_AGGRESSIVE;
				CLANG_CXX_LANGUAGE_STANDARD = "gnu++20";
				CLANG_ENABLE_MODULES = YES;
				CLANG_ENABLE_OBJC_ARC = YES;
				CLANG_ENABLE_OBJC_WEAK = YES;
				CLANG_WARN_BLOCK_CAPTURE_AUTORELEASING = YES;
				CLANG_WARN_BOOL_CONVERSION = YES;
				CLANG_WARN_COMMA = YES;
				CLANG_WARN_CONSTANT_CONVERSION = YES;
				CLANG_WARN_DEPRECATED_OBJC_IMPLEMENTATIONS = YES;
				CLANG_WARN_DIRECT_OBJC_ISA_USAGE = YES_ERROR;
				CLANG_WARN_DOCUMENTATION_COMMENTS = YES;
				CLANG_WARN_EMPTY_BODY = YES;
				CLANG_WARN_ENUM_CONVERSION = YES;
				CLANG_WARN_INFINITE_RECURSION = YES;
				CLANG_WARN_INT_CONVERSION = YES;
				CLANG_WARN_NON_LITERAL_NULL_CONVERSION = YES;
				CLANG_WARN_OBJC_IMPLICIT_RETAIN_SELF = YES;
				CLANG_WARN_OBJC_LITERAL_CONVERSION = YES;
				CLANG_WARN_OBJC_ROOT_CLASS = YES_ERROR;
				CLANG_WARN_QUOTED_INCLUDE_IN_FRAMEWORK_HEADER = YES;
				CLANG_WARN_RANGE_LOOP_ANALYSIS = YES;
				CLANG_WARN_STRICT_PROTOTYPES = YES;
				CLANG_WARN_SUSPICIOUS_MOVE = YES;
				CLANG_WARN_UNGUARDED_AVAILABILITY = YES_AGGRESSIVE;
				CLANG_WARN_UNREACHABLE_CODE = YES;
				CLANG_WARN__DUPLICATE_METHOD_MATCH = YES;
				COPY_PHASE_STRIP = NO;
				DEBUG_INFORMATION_FORMAT = "dwarf-with-dsym";
				ENABLE_NS_ASSERTIONS = NO;
				ENABLE_STRICT_OBJC_MSGSEND = YES;
				GCC_C_LANGUAGE_STANDARD = gnu11;
				GCC_NO_COMMON_BLOCKS = YES;
				GCC_WARN_64_TO_32_BIT_CONVERSION = YES;
				GCC_WARN_ABOUT_RETURN_TYPE = YES_ERROR;
				GCC_WARN_UNDECLARED_SELECTOR = YES;
				GCC_WARN_UNINITIALIZED_AUTOS = YES_AGGRESSIVE;
				GCC_WARN_UNUSED_FUNCTION = YES;
				GCC_WARN_UNUSED_VARIABLE = YES;
				IPHONEOS_DEPLOYMENT_TARGET = 16.4;
				MTL_ENABLE_DEBUG_INFO = NO;
				MTL_FAST_MATH = YES;
				SDKROOT = iphoneos;
				SWIFT_COMPILATION_MODE = wholemodule;
				SWIFT_OPTIMIZATION_LEVEL = "-O";
				VALIDATE_PRODUCT = YES;
			};
			name = Release;
		};
		93A0BEE72A000F8E00FA2D5B /* Debug */ = {
			isa = XCBuildConfiguration;
			buildSettings = {
				ASSETCATALOG_COMPILER_APPICON_NAME = AppIcon;
				ASSETCATALOG_COMPILER_GLOBAL_ACCENT_COLOR_NAME = AccentColor;
				CODE_SIGN_STYLE = Automatic;
				CURRENT_PROJECT_VERSION = 1;
				DEVELOPMENT_TEAM = 7PMP3UQ276;
				GENERATE_INFOPLIST_FILE = YES;
				INFOPLIST_FILE = "Test Results/Apps/Info.plist";
				INFOPLIST_KEY_UIApplicationSupportsIndirectInputEvents = YES;
				INFOPLIST_KEY_UILaunchStoryboardName = LaunchScreen;
				INFOPLIST_KEY_UIMainStoryboardFile = Main;
				INFOPLIST_KEY_UISupportedInterfaceOrientations = UIInterfaceOrientationPortrait;
				INFOPLIST_KEY_UISupportedInterfaceOrientations_iPad = "UIInterfaceOrientationLandscapeLeft UIInterfaceOrientationLandscapeRight UIInterfaceOrientationPortrait UIInterfaceOrientationPortraitUpsideDown";
				LD_RUNPATH_SEARCH_PATHS = (
					"$(inherited)",
					"@executable_path/Frameworks",
				);
				MARKETING_VERSION = 1.0;
				PRODUCT_BUNDLE_IDENTIFIER = "com.angelayu.Test-Results";
				PRODUCT_NAME = "$(TARGET_NAME)";
				SUPPORTED_PLATFORMS = "iphoneos iphonesimulator";
				SUPPORTS_MACCATALYST = NO;
				SUPPORTS_MAC_DESIGNED_FOR_IPHONE_IPAD = NO;
				SWIFT_EMIT_LOC_STRINGS = YES;
				SWIFT_VERSION = 5.0;
				TARGETED_DEVICE_FAMILY = 1;
			};
			name = Debug;
		};
		93A0BEE82A000F8E00FA2D5B /* Release */ = {
			isa = XCBuildConfiguration;
			buildSettings = {
				ASSETCATALOG_COMPILER_APPICON_NAME = AppIcon;
				ASSETCATALOG_COMPILER_GLOBAL_ACCENT_COLOR_NAME = AccentColor;
				CODE_SIGN_STYLE = Automatic;
				CURRENT_PROJECT_VERSION = 1;
				DEVELOPMENT_TEAM = 7PMP3UQ276;
				GENERATE_INFOPLIST_FILE = YES;
				INFOPLIST_FILE = "Test Results/Apps/Info.plist";
				INFOPLIST_KEY_UIApplicationSupportsIndirectInputEvents = YES;
				INFOPLIST_KEY_UILaunchStoryboardName = LaunchScreen;
				INFOPLIST_KEY_UIMainStoryboardFile = Main;
				INFOPLIST_KEY_UISupportedInterfaceOrientations = UIInterfaceOrientationPortrait;
				INFOPLIST_KEY_UISupportedInterfaceOrientations_iPad = "UIInterfaceOrientationLandscapeLeft UIInterfaceOrientationLandscapeRight UIInterfaceOrientationPortrait UIInterfaceOrientationPortraitUpsideDown";
				LD_RUNPATH_SEARCH_PATHS = (
					"$(inherited)",
					"@executable_path/Frameworks",
				);
				MARKETING_VERSION = 1.0;
				PRODUCT_BUNDLE_IDENTIFIER = "com.angelayu.Test-Results";
				PRODUCT_NAME = "$(TARGET_NAME)";
				SUPPORTED_PLATFORMS = "iphoneos iphonesimulator";
				SUPPORTS_MACCATALYST = NO;
				SUPPORTS_MAC_DESIGNED_FOR_IPHONE_IPAD = NO;
				SWIFT_EMIT_LOC_STRINGS = YES;
				SWIFT_VERSION = 5.0;
				TARGETED_DEVICE_FAMILY = 1;
			};
			name = Release;
		};
/* End XCBuildConfiguration section */

/* Begin XCConfigurationList section */
		93A0BECD2A000F8C00FA2D5B /* Build configuration list for PBXProject "Test Results" */ = {
			isa = XCConfigurationList;
			buildConfigurations = (
				93A0BEE42A000F8E00FA2D5B /* Debug */,
				93A0BEE52A000F8E00FA2D5B /* Release */,
			);
			defaultConfigurationIsVisible = 0;
			defaultConfigurationName = Release;
		};
		93A0BEE62A000F8E00FA2D5B /* Build configuration list for PBXNativeTarget "Test Results" */ = {
			isa = XCConfigurationList;
			buildConfigurations = (
				93A0BEE72A000F8E00FA2D5B /* Debug */,
				93A0BEE82A000F8E00FA2D5B /* Release */,
			);
			defaultConfigurationIsVisible = 0;
			defaultConfigurationName = Release;
		};
/* End XCConfigurationList section */
	};
	rootObject = 93A0BECA2A000F8C00FA2D5B /* Project object */;
}
